// !$*UTF8*$!
{
	archiveVersion = 1;
	classes = {
	};
	objectVersion = 55;
	objects = {

/* Begin PBXBuildFile section */
		045887F42897F8A90035549E /* MockReviewListViewController.swift in Sources */ = {isa = PBXBuildFile; fileRef = 045887F32897F8A90035549E /* MockReviewListViewController.swift */; };
		045887F62897F8FA0035549E /* MockUserDefaultsManager.swift in Sources */ = {isa = PBXBuildFile; fileRef = 045887F52897F8FA0035549E /* MockUserDefaultsManager.swift */; };
		045887FA2897FA420035549E /* ReviewWritePresenterTests.swift in Sources */ = {isa = PBXBuildFile; fileRef = 045887F92897FA420035549E /* ReviewWritePresenterTests.swift */; };
		045887FC2897FF050035549E /* MockReviewWriteViewController.swift in Sources */ = {isa = PBXBuildFile; fileRef = 045887FB2897FF050035549E /* MockReviewWriteViewController.swift */; };
		045B8EFD2890092600F956E0 /* SearchBookViewController.swift in Sources */ = {isa = PBXBuildFile; fileRef = 045B8EFC2890092600F956E0 /* SearchBookViewController.swift */; };
		045B8EFF2890093100F956E0 /* SearchBookPresenter.swift in Sources */ = {isa = PBXBuildFile; fileRef = 045B8EFE2890093100F956E0 /* SearchBookPresenter.swift */; };
		045B8F022890166A00F956E0 /* BookSearchRequestModel.swift in Sources */ = {isa = PBXBuildFile; fileRef = 045B8F012890166A00F956E0 /* BookSearchRequestModel.swift */; };
		045B8F05289016FD00F956E0 /* BookSearchResponseModel.swift in Sources */ = {isa = PBXBuildFile; fileRef = 045B8F04289016FD00F956E0 /* BookSearchResponseModel.swift */; };
		045B8F072890189A00F956E0 /* Book.swift in Sources */ = {isa = PBXBuildFile; fileRef = 045B8F062890189A00F956E0 /* Book.swift */; };
		045B8F092890195100F956E0 /* BookSearchManager.swift in Sources */ = {isa = PBXBuildFile; fileRef = 045B8F082890195100F956E0 /* BookSearchManager.swift */; };
		049CD7E8288EC2A30021062F /* ReviewWriteViewController.swift in Sources */ = {isa = PBXBuildFile; fileRef = 049CD7E7288EC2A30021062F /* ReviewWriteViewController.swift */; };
		049CD7EA288EC2B30021062F /* ReviewWritePresent.swift in Sources */ = {isa = PBXBuildFile; fileRef = 049CD7E9288EC2B30021062F /* ReviewWritePresent.swift */; };
		04AEA3EB28915E7B008905B2 /* BookReview.swift in Sources */ = {isa = PBXBuildFile; fileRef = 04AEA3EA28915E7B008905B2 /* BookReview.swift */; };
		04AEA3ED2891685C008905B2 /* UserDefaultsManager.swift in Sources */ = {isa = PBXBuildFile; fileRef = 04AEA3EC2891685C008905B2 /* UserDefaultsManager.swift */; };
		04C1661828882D1200AE88E4 /* AppDelegate.swift in Sources */ = {isa = PBXBuildFile; fileRef = 04C1661728882D1200AE88E4 /* AppDelegate.swift */; };
		04C1661A28882D1200AE88E4 /* SceneDelegate.swift in Sources */ = {isa = PBXBuildFile; fileRef = 04C1661928882D1200AE88E4 /* SceneDelegate.swift */; };
		04C1661C28882D1200AE88E4 /* ReviewListViewController.swift in Sources */ = {isa = PBXBuildFile; fileRef = 04C1661B28882D1200AE88E4 /* ReviewListViewController.swift */; };
		04C1662128882D1200AE88E4 /* Assets.xcassets in Resources */ = {isa = PBXBuildFile; fileRef = 04C1662028882D1200AE88E4 /* Assets.xcassets */; };
		04C1662428882D1200AE88E4 /* LaunchScreen.storyboard in Resources */ = {isa = PBXBuildFile; fileRef = 04C1662228882D1200AE88E4 /* LaunchScreen.storyboard */; };
		04C1662F28882D1200AE88E4 /* ReviewListPresenterTests.swift in Sources */ = {isa = PBXBuildFile; fileRef = 04C1662E28882D1200AE88E4 /* ReviewListPresenterTests.swift */; };
		04C1663928882D1300AE88E4 /* BookReviewUITests.swift in Sources */ = {isa = PBXBuildFile; fileRef = 04C1663828882D1300AE88E4 /* BookReviewUITests.swift */; };
		04C1663B28882D1300AE88E4 /* BookReviewUITestsLaunchTests.swift in Sources */ = {isa = PBXBuildFile; fileRef = 04C1663A28882D1300AE88E4 /* BookReviewUITestsLaunchTests.swift */; };
		04C1664928882DC000AE88E4 /* Alamofire in Frameworks */ = {isa = PBXBuildFile; productRef = 04C1664828882DC000AE88E4 /* Alamofire */; };
		04C1664C28882DD200AE88E4 /* SnapKit in Frameworks */ = {isa = PBXBuildFile; productRef = 04C1664B28882DD200AE88E4 /* SnapKit */; };
		04C1664F28882DE900AE88E4 /* Kingfisher in Frameworks */ = {isa = PBXBuildFile; productRef = 04C1664E28882DE900AE88E4 /* Kingfisher */; };
		04C16652288831AB00AE88E4 /* ReviewListPresenter.swift in Sources */ = {isa = PBXBuildFile; fileRef = 04C16651288831AB00AE88E4 /* ReviewListPresenter.swift */; };
/* End PBXBuildFile section */

/* Begin PBXContainerItemProxy section */
		04C1662B28882D1200AE88E4 /* PBXContainerItemProxy */ = {
			isa = PBXContainerItemProxy;
			containerPortal = 04C1660C28882D1200AE88E4 /* Project object */;
			proxyType = 1;
			remoteGlobalIDString = 04C1661328882D1200AE88E4;
			remoteInfo = BookReview;
		};
		04C1663528882D1300AE88E4 /* PBXContainerItemProxy */ = {
			isa = PBXContainerItemProxy;
			containerPortal = 04C1660C28882D1200AE88E4 /* Project object */;
			proxyType = 1;
			remoteGlobalIDString = 04C1661328882D1200AE88E4;
			remoteInfo = BookReview;
		};
/* End PBXContainerItemProxy section */

/* Begin PBXFileReference section */
		045887F32897F8A90035549E /* MockReviewListViewController.swift */ = {isa = PBXFileReference; lastKnownFileType = sourcecode.swift; path = MockReviewListViewController.swift; sourceTree = "<group>"; };
		045887F52897F8FA0035549E /* MockUserDefaultsManager.swift */ = {isa = PBXFileReference; lastKnownFileType = sourcecode.swift; path = MockUserDefaultsManager.swift; sourceTree = "<group>"; };
		045887F92897FA420035549E /* ReviewWritePresenterTests.swift */ = {isa = PBXFileReference; lastKnownFileType = sourcecode.swift; path = ReviewWritePresenterTests.swift; sourceTree = "<group>"; };
		045887FB2897FF050035549E /* MockReviewWriteViewController.swift */ = {isa = PBXFileReference; lastKnownFileType = sourcecode.swift; path = MockReviewWriteViewController.swift; sourceTree = "<group>"; };
		045B8EFC2890092600F956E0 /* SearchBookViewController.swift */ = {isa = PBXFileReference; lastKnownFileType = sourcecode.swift; path = SearchBookViewController.swift; sourceTree = "<group>"; };
		045B8EFE2890093100F956E0 /* SearchBookPresenter.swift */ = {isa = PBXFileReference; lastKnownFileType = sourcecode.swift; path = SearchBookPresenter.swift; sourceTree = "<group>"; };
		045B8F012890166A00F956E0 /* BookSearchRequestModel.swift */ = {isa = PBXFileReference; lastKnownFileType = sourcecode.swift; path = BookSearchRequestModel.swift; sourceTree = "<group>"; };
		045B8F04289016FD00F956E0 /* BookSearchResponseModel.swift */ = {isa = PBXFileReference; lastKnownFileType = sourcecode.swift; path = BookSearchResponseModel.swift; sourceTree = "<group>"; };
		045B8F062890189A00F956E0 /* Book.swift */ = {isa = PBXFileReference; lastKnownFileType = sourcecode.swift; path = Book.swift; sourceTree = "<group>"; };
		045B8F082890195100F956E0 /* BookSearchManager.swift */ = {isa = PBXFileReference; lastKnownFileType = sourcecode.swift; path = BookSearchManager.swift; sourceTree = "<group>"; };
		049CD7E7288EC2A30021062F /* ReviewWriteViewController.swift */ = {isa = PBXFileReference; lastKnownFileType = sourcecode.swift; path = ReviewWriteViewController.swift; sourceTree = "<group>"; };
		049CD7E9288EC2B30021062F /* ReviewWritePresent.swift */ = {isa = PBXFileReference; lastKnownFileType = sourcecode.swift; path = ReviewWritePresent.swift; sourceTree = "<group>"; };
		04AEA3EA28915E7B008905B2 /* BookReview.swift */ = {isa = PBXFileReference; lastKnownFileType = sourcecode.swift; path = BookReview.swift; sourceTree = "<group>"; };
		04AEA3EC2891685C008905B2 /* UserDefaultsManager.swift */ = {isa = PBXFileReference; lastKnownFileType = sourcecode.swift; path = UserDefaultsManager.swift; sourceTree = "<group>"; };
		04C1661428882D1200AE88E4 /* BookReview.app */ = {isa = PBXFileReference; explicitFileType = wrapper.application; includeInIndex = 0; path = BookReview.app; sourceTree = BUILT_PRODUCTS_DIR; };
		04C1661728882D1200AE88E4 /* AppDelegate.swift */ = {isa = PBXFileReference; lastKnownFileType = sourcecode.swift; path = AppDelegate.swift; sourceTree = "<group>"; };
		04C1661928882D1200AE88E4 /* SceneDelegate.swift */ = {isa = PBXFileReference; lastKnownFileType = sourcecode.swift; path = SceneDelegate.swift; sourceTree = "<group>"; };
		04C1661B28882D1200AE88E4 /* ReviewListViewController.swift */ = {isa = PBXFileReference; lastKnownFileType = sourcecode.swift; path = ReviewListViewController.swift; sourceTree = "<group>"; };
		04C1662028882D1200AE88E4 /* Assets.xcassets */ = {isa = PBXFileReference; lastKnownFileType = folder.assetcatalog; path = Assets.xcassets; sourceTree = "<group>"; };
		04C1662328882D1200AE88E4 /* Base */ = {isa = PBXFileReference; lastKnownFileType = file.storyboard; name = Base; path = Base.lproj/LaunchScreen.storyboard; sourceTree = "<group>"; };
		04C1662528882D1200AE88E4 /* Info.plist */ = {isa = PBXFileReference; lastKnownFileType = text.plist.xml; path = Info.plist; sourceTree = "<group>"; };
		04C1662A28882D1200AE88E4 /* BookReviewTests.xctest */ = {isa = PBXFileReference; explicitFileType = wrapper.cfbundle; includeInIndex = 0; path = BookReviewTests.xctest; sourceTree = BUILT_PRODUCTS_DIR; };
		04C1662E28882D1200AE88E4 /* ReviewListPresenterTests.swift */ = {isa = PBXFileReference; lastKnownFileType = sourcecode.swift; path = ReviewListPresenterTests.swift; sourceTree = "<group>"; };
		04C1663428882D1300AE88E4 /* BookReviewUITests.xctest */ = {isa = PBXFileReference; explicitFileType = wrapper.cfbundle; includeInIndex = 0; path = BookReviewUITests.xctest; sourceTree = BUILT_PRODUCTS_DIR; };
		04C1663828882D1300AE88E4 /* BookReviewUITests.swift */ = {isa = PBXFileReference; lastKnownFileType = sourcecode.swift; path = BookReviewUITests.swift; sourceTree = "<group>"; };
		04C1663A28882D1300AE88E4 /* BookReviewUITestsLaunchTests.swift */ = {isa = PBXFileReference; lastKnownFileType = sourcecode.swift; path = BookReviewUITestsLaunchTests.swift; sourceTree = "<group>"; };
		04C16651288831AB00AE88E4 /* ReviewListPresenter.swift */ = {isa = PBXFileReference; lastKnownFileType = sourcecode.swift; path = ReviewListPresenter.swift; sourceTree = "<group>"; };
/* End PBXFileReference section */

/* Begin PBXFrameworksBuildPhase section */
		04C1661128882D1200AE88E4 /* Frameworks */ = {
			isa = PBXFrameworksBuildPhase;
			buildActionMask = 2147483647;
			files = (
				04C1664F28882DE900AE88E4 /* Kingfisher in Frameworks */,
				04C1664928882DC000AE88E4 /* Alamofire in Frameworks */,
				04C1664C28882DD200AE88E4 /* SnapKit in Frameworks */,
			);
			runOnlyForDeploymentPostprocessing = 0;
		};
		04C1662728882D1200AE88E4 /* Frameworks */ = {
			isa = PBXFrameworksBuildPhase;
			buildActionMask = 2147483647;
			files = (
			);
			runOnlyForDeploymentPostprocessing = 0;
		};
		04C1663128882D1300AE88E4 /* Frameworks */ = {
			isa = PBXFrameworksBuildPhase;
			buildActionMask = 2147483647;
			files = (
			);
			runOnlyForDeploymentPostprocessing = 0;
		};
/* End PBXFrameworksBuildPhase section */

/* Begin PBXGroup section */
		045887F72897F9240035549E /* Mock */ = {
			isa = PBXGroup;
			children = (
				045887F32897F8A90035549E /* MockReviewListViewController.swift */,
				045887F52897F8FA0035549E /* MockUserDefaultsManager.swift */,
				045887FB2897FF050035549E /* MockReviewWriteViewController.swift */,
			);
			path = Mock;
			sourceTree = "<group>";
		};
		045887F82897F9370035549E /* Tests */ = {
			isa = PBXGroup;
			children = (
				04C1662E28882D1200AE88E4 /* ReviewListPresenterTests.swift */,
				045887F92897FA420035549E /* ReviewWritePresenterTests.swift */,
			);
			path = Tests;
			sourceTree = "<group>";
		};
		045B8F002890093400F956E0 /* SearchBook */ = {
			isa = PBXGroup;
			children = (
				045B8EFC2890092600F956E0 /* SearchBookViewController.swift */,
				045B8EFE2890093100F956E0 /* SearchBookPresenter.swift */,
			);
			path = SearchBook;
			sourceTree = "<group>";
		};
		045B8F032890167100F956E0 /* Models */ = {
			isa = PBXGroup;
			children = (
				045B8F062890189A00F956E0 /* Book.swift */,
				045B8F012890166A00F956E0 /* BookSearchRequestModel.swift */,
				045B8F04289016FD00F956E0 /* BookSearchResponseModel.swift */,
				04AEA3EA28915E7B008905B2 /* BookReview.swift */,
			);
			path = Models;
			sourceTree = "<group>";
		};
		045B8F0A2890195900F956E0 /* Manager */ = {
			isa = PBXGroup;
			children = (
				045B8F082890195100F956E0 /* BookSearchManager.swift */,
				04AEA3EC2891685C008905B2 /* UserDefaultsManager.swift */,
			);
			path = Manager;
			sourceTree = "<group>";
		};
		049CD7EB288EC2B90021062F /* ReviewWrite */ = {
			isa = PBXGroup;
			children = (
				049CD7E7288EC2A30021062F /* ReviewWriteViewController.swift */,
				049CD7E9288EC2B30021062F /* ReviewWritePresent.swift */,
			);
			path = ReviewWrite;
			sourceTree = "<group>";
		};
		04C1660B28882D1200AE88E4 = {
			isa = PBXGroup;
			children = (
				04C1661628882D1200AE88E4 /* BookReview */,
				04C1662D28882D1200AE88E4 /* BookReviewTests */,
				04C1663728882D1300AE88E4 /* BookReviewUITests */,
				04C1661528882D1200AE88E4 /* Products */,
			);
			sourceTree = "<group>";
		};
		04C1661528882D1200AE88E4 /* Products */ = {
			isa = PBXGroup;
			children = (
				04C1661428882D1200AE88E4 /* BookReview.app */,
				04C1662A28882D1200AE88E4 /* BookReviewTests.xctest */,
				04C1663428882D1300AE88E4 /* BookReviewUITests.xctest */,
			);
			name = Products;
			sourceTree = "<group>";
		};
		04C1661628882D1200AE88E4 /* BookReview */ = {
			isa = PBXGroup;
			children = (
				04C1661728882D1200AE88E4 /* AppDelegate.swift */,
				04C1661928882D1200AE88E4 /* SceneDelegate.swift */,
				045B8F0A2890195900F956E0 /* Manager */,
				045B8F032890167100F956E0 /* Models */,
				04C16653288831B300AE88E4 /* Scene */,
				04C1662028882D1200AE88E4 /* Assets.xcassets */,
				04C1662228882D1200AE88E4 /* LaunchScreen.storyboard */,
				04C1662528882D1200AE88E4 /* Info.plist */,
			);
			path = BookReview;
			sourceTree = "<group>";
		};
		04C1662D28882D1200AE88E4 /* BookReviewTests */ = {
			isa = PBXGroup;
			children = (
				045887F82897F9370035549E /* Tests */,
				045887F72897F9240035549E /* Mock */,
			);
			path = BookReviewTests;
			sourceTree = "<group>";
		};
		04C1663728882D1300AE88E4 /* BookReviewUITests */ = {
			isa = PBXGroup;
			children = (
				04C1663828882D1300AE88E4 /* BookReviewUITests.swift */,
				04C1663A28882D1300AE88E4 /* BookReviewUITestsLaunchTests.swift */,
			);
			path = BookReviewUITests;
			sourceTree = "<group>";
		};
		04C166502888319C00AE88E4 /* ReviewList */ = {
			isa = PBXGroup;
			children = (
				04C1661B28882D1200AE88E4 /* ReviewListViewController.swift */,
				04C16651288831AB00AE88E4 /* ReviewListPresenter.swift */,
			);
			path = ReviewList;
			sourceTree = "<group>";
		};
		04C16653288831B300AE88E4 /* Scene */ = {
			isa = PBXGroup;
			children = (
				04C166502888319C00AE88E4 /* ReviewList */,
				049CD7EB288EC2B90021062F /* ReviewWrite */,
				045B8F002890093400F956E0 /* SearchBook */,
			);
			path = Scene;
			sourceTree = "<group>";
		};
/* End PBXGroup section */

/* Begin PBXNativeTarget section */
		04C1661328882D1200AE88E4 /* BookReview */ = {
			isa = PBXNativeTarget;
			buildConfigurationList = 04C1663E28882D1300AE88E4 /* Build configuration list for PBXNativeTarget "BookReview" */;
			buildPhases = (
				04C1661028882D1200AE88E4 /* Sources */,
				04C1661128882D1200AE88E4 /* Frameworks */,
				04C1661228882D1200AE88E4 /* Resources */,
			);
			buildRules = (
			);
			dependencies = (
			);
			name = BookReview;
			packageProductDependencies = (
				04C1664828882DC000AE88E4 /* Alamofire */,
				04C1664B28882DD200AE88E4 /* SnapKit */,
				04C1664E28882DE900AE88E4 /* Kingfisher */,
			);
			productName = BookReview;
			productReference = 04C1661428882D1200AE88E4 /* BookReview.app */;
			productType = "com.apple.product-type.application";
		};
		04C1662928882D1200AE88E4 /* BookReviewTests */ = {
			isa = PBXNativeTarget;
			buildConfigurationList = 04C1664128882D1300AE88E4 /* Build configuration list for PBXNativeTarget "BookReviewTests" */;
			buildPhases = (
				04C1662628882D1200AE88E4 /* Sources */,
				04C1662728882D1200AE88E4 /* Frameworks */,
				04C1662828882D1200AE88E4 /* Resources */,
			);
			buildRules = (
			);
			dependencies = (
				04C1662C28882D1200AE88E4 /* PBXTargetDependency */,
			);
			name = BookReviewTests;
			productName = BookReviewTests;
			productReference = 04C1662A28882D1200AE88E4 /* BookReviewTests.xctest */;
			productType = "com.apple.product-type.bundle.unit-test";
		};
		04C1663328882D1300AE88E4 /* BookReviewUITests */ = {
			isa = PBXNativeTarget;
			buildConfigurationList = 04C1664428882D1300AE88E4 /* Build configuration list for PBXNativeTarget "BookReviewUITests" */;
			buildPhases = (
				04C1663028882D1300AE88E4 /* Sources */,
				04C1663128882D1300AE88E4 /* Frameworks */,
				04C1663228882D1300AE88E4 /* Resources */,
			);
			buildRules = (
			);
			dependencies = (
				04C1663628882D1300AE88E4 /* PBXTargetDependency */,
			);
			name = BookReviewUITests;
			productName = BookReviewUITests;
			productReference = 04C1663428882D1300AE88E4 /* BookReviewUITests.xctest */;
			productType = "com.apple.product-type.bundle.ui-testing";
		};
/* End PBXNativeTarget section */

/* Begin PBXProject section */
		04C1660C28882D1200AE88E4 /* Project object */ = {
			isa = PBXProject;
			attributes = {
				BuildIndependentTargetsInParallel = 1;
				LastSwiftUpdateCheck = 1340;
				LastUpgradeCheck = 1340;
				TargetAttributes = {
					04C1661328882D1200AE88E4 = {
						CreatedOnToolsVersion = 13.4.1;
					};
					04C1662928882D1200AE88E4 = {
						CreatedOnToolsVersion = 13.4.1;
						TestTargetID = 04C1661328882D1200AE88E4;
					};
					04C1663328882D1300AE88E4 = {
						CreatedOnToolsVersion = 13.4.1;
						TestTargetID = 04C1661328882D1200AE88E4;
					};
				};
			};
			buildConfigurationList = 04C1660F28882D1200AE88E4 /* Build configuration list for PBXProject "BookReview" */;
			compatibilityVersion = "Xcode 13.0";
			developmentRegion = en;
			hasScannedForEncodings = 0;
			knownRegions = (
				en,
				Base,
			);
			mainGroup = 04C1660B28882D1200AE88E4;
			packageReferences = (
				04C1664728882DC000AE88E4 /* XCRemoteSwiftPackageReference "Alamofire" */,
				04C1664A28882DD200AE88E4 /* XCRemoteSwiftPackageReference "SnapKit" */,
				04C1664D28882DE900AE88E4 /* XCRemoteSwiftPackageReference "Kingfisher" */,
			);
			productRefGroup = 04C1661528882D1200AE88E4 /* Products */;
			projectDirPath = "";
			projectRoot = "";
			targets = (
				04C1661328882D1200AE88E4 /* BookReview */,
				04C1662928882D1200AE88E4 /* BookReviewTests */,
				04C1663328882D1300AE88E4 /* BookReviewUITests */,
			);
		};
/* End PBXProject section */

/* Begin PBXResourcesBuildPhase section */
		04C1661228882D1200AE88E4 /* Resources */ = {
			isa = PBXResourcesBuildPhase;
			buildActionMask = 2147483647;
			files = (
				04C1662428882D1200AE88E4 /* LaunchScreen.storyboard in Resources */,
				04C1662128882D1200AE88E4 /* Assets.xcassets in Resources */,
			);
			runOnlyForDeploymentPostprocessing = 0;
		};
		04C1662828882D1200AE88E4 /* Resources */ = {
			isa = PBXResourcesBuildPhase;
			buildActionMask = 2147483647;
			files = (
			);
			runOnlyForDeploymentPostprocessing = 0;
		};
		04C1663228882D1300AE88E4 /* Resources */ = {
			isa = PBXResourcesBuildPhase;
			buildActionMask = 2147483647;
			files = (
			);
			runOnlyForDeploymentPostprocessing = 0;
		};
/* End PBXResourcesBuildPhase section */

/* Begin PBXSourcesBuildPhase section */
		04C1661028882D1200AE88E4 /* Sources */ = {
			isa = PBXSourcesBuildPhase;
			buildActionMask = 2147483647;
			files = (
				04C1661C28882D1200AE88E4 /* ReviewListViewController.swift in Sources */,
				04C1661828882D1200AE88E4 /* AppDelegate.swift in Sources */,
				045B8F022890166A00F956E0 /* BookSearchRequestModel.swift in Sources */,
				045B8F072890189A00F956E0 /* Book.swift in Sources */,
				049CD7E8288EC2A30021062F /* ReviewWriteViewController.swift in Sources */,
				045B8EFD2890092600F956E0 /* SearchBookViewController.swift in Sources */,
				045B8F05289016FD00F956E0 /* BookSearchResponseModel.swift in Sources */,
				049CD7EA288EC2B30021062F /* ReviewWritePresent.swift in Sources */,
				045B8EFF2890093100F956E0 /* SearchBookPresenter.swift in Sources */,
				04AEA3EB28915E7B008905B2 /* BookReview.swift in Sources */,
				04AEA3ED2891685C008905B2 /* UserDefaultsManager.swift in Sources */,
				04C16652288831AB00AE88E4 /* ReviewListPresenter.swift in Sources */,
				045B8F092890195100F956E0 /* BookSearchManager.swift in Sources */,
				04C1661A28882D1200AE88E4 /* SceneDelegate.swift in Sources */,
			);
			runOnlyForDeploymentPostprocessing = 0;
		};
		04C1662628882D1200AE88E4 /* Sources */ = {
			isa = PBXSourcesBuildPhase;
			buildActionMask = 2147483647;
			files = (
				045887FC2897FF050035549E /* MockReviewWriteViewController.swift in Sources */,
				045887F42897F8A90035549E /* MockReviewListViewController.swift in Sources */,
				04C1662F28882D1200AE88E4 /* ReviewListPresenterTests.swift in Sources */,
				045887FA2897FA420035549E /* ReviewWritePresenterTests.swift in Sources */,
				045887F62897F8FA0035549E /* MockUserDefaultsManager.swift in Sources */,
			);
			runOnlyForDeploymentPostprocessing = 0;
		};
		04C1663028882D1300AE88E4 /* Sources */ = {
			isa = PBXSourcesBuildPhase;
			buildActionMask = 2147483647;
			files = (
				04C1663928882D1300AE88E4 /* BookReviewUITests.swift in Sources */,
				04C1663B28882D1300AE88E4 /* BookReviewUITestsLaunchTests.swift in Sources */,
			);
			runOnlyForDeploymentPostprocessing = 0;
		};
/* End PBXSourcesBuildPhase section */

/* Begin PBXTargetDependency section */
		04C1662C28882D1200AE88E4 /* PBXTargetDependency */ = {
			isa = PBXTargetDependency;
			target = 04C1661328882D1200AE88E4 /* BookReview */;
			targetProxy = 04C1662B28882D1200AE88E4 /* PBXContainerItemProxy */;
		};
		04C1663628882D1300AE88E4 /* PBXTargetDependency */ = {
			isa = PBXTargetDependency;
			target = 04C1661328882D1200AE88E4 /* BookReview */;
			targetProxy = 04C1663528882D1300AE88E4 /* PBXContainerItemProxy */;
		};
/* End PBXTargetDependency section */

/* Begin PBXVariantGroup section */
		04C1662228882D1200AE88E4 /* LaunchScreen.storyboard */ = {
			isa = PBXVariantGroup;
			children = (
				04C1662328882D1200AE88E4 /* Base */,
			);
			name = LaunchScreen.storyboard;
			sourceTree = "<group>";
		};
/* End PBXVariantGroup section */

/* Begin XCBuildConfiguration section */
		04C1663C28882D1300AE88E4 /* Debug */ = {
			isa = XCBuildConfiguration;
			buildSettings = {
				ALWAYS_SEARCH_USER_PATHS = NO;
				CLANG_ANALYZER_NONNULL = YES;
				CLANG_ANALYZER_NUMBER_OBJECT_CONVERSION = YES_AGGRESSIVE;
				CLANG_CXX_LANGUAGE_STANDARD = "gnu++17";
				CLANG_ENABLE_MODULES = YES;
				CLANG_ENABLE_OBJC_ARC = YES;
				CLANG_ENABLE_OBJC_WEAK = YES;
				CLANG_WARN_BLOCK_CAPTURE_AUTORELEASING = YES;
				CLANG_WARN_BOOL_CONVERSION = YES;
				CLANG_WARN_COMMA = YES;
				CLANG_WARN_CONSTANT_CONVERSION = YES;
				CLANG_WARN_DEPRECATED_OBJC_IMPLEMENTATIONS = YES;
				CLANG_WARN_DIRECT_OBJC_ISA_USAGE = YES_ERROR;
				CLANG_WARN_DOCUMENTATION_COMMENTS = YES;
				CLANG_WARN_EMPTY_BODY = YES;
				CLANG_WARN_ENUM_CONVERSION = YES;
				CLANG_WARN_INFINITE_RECURSION = YES;
				CLANG_WARN_INT_CONVERSION = YES;
				CLANG_WARN_NON_LITERAL_NULL_CONVERSION = YES;
				CLANG_WARN_OBJC_IMPLICIT_RETAIN_SELF = YES;
				CLANG_WARN_OBJC_LITERAL_CONVERSION = YES;
				CLANG_WARN_OBJC_ROOT_CLASS = YES_ERROR;
				CLANG_WARN_QUOTED_INCLUDE_IN_FRAMEWORK_HEADER = YES;
				CLANG_WARN_RANGE_LOOP_ANALYSIS = YES;
				CLANG_WARN_STRICT_PROTOTYPES = YES;
				CLANG_WARN_SUSPICIOUS_MOVE = YES;
				CLANG_WARN_UNGUARDED_AVAILABILITY = YES_AGGRESSIVE;
				CLANG_WARN_UNREACHABLE_CODE = YES;
				CLANG_WARN__DUPLICATE_METHOD_MATCH = YES;
				COPY_PHASE_STRIP = NO;
				DEBUG_INFORMATION_FORMAT = dwarf;
				ENABLE_STRICT_OBJC_MSGSEND = YES;
				ENABLE_TESTABILITY = YES;
				GCC_C_LANGUAGE_STANDARD = gnu11;
				GCC_DYNAMIC_NO_PIC = NO;
				GCC_NO_COMMON_BLOCKS = YES;
				GCC_OPTIMIZATION_LEVEL = 0;
				GCC_PREPROCESSOR_DEFINITIONS = (
					"DEBUG=1",
					"$(inherited)",
				);
				GCC_WARN_64_TO_32_BIT_CONVERSION = YES;
				GCC_WARN_ABOUT_RETURN_TYPE = YES_ERROR;
				GCC_WARN_UNDECLARED_SELECTOR = YES;
				GCC_WARN_UNINITIALIZED_AUTOS = YES_AGGRESSIVE;
				GCC_WARN_UNUSED_FUNCTION = YES;
				GCC_WARN_UNUSED_VARIABLE = YES;
				IPHONEOS_DEPLOYMENT_TARGET = 15.5;
				MTL_ENABLE_DEBUG_INFO = INCLUDE_SOURCE;
				MTL_FAST_MATH = YES;
				ONLY_ACTIVE_ARCH = YES;
				SDKROOT = iphoneos;
				SWIFT_ACTIVE_COMPILATION_CONDITIONS = DEBUG;
				SWIFT_OPTIMIZATION_LEVEL = "-Onone";
			};
			name = Debug;
		};
		04C1663D28882D1300AE88E4 /* Release */ = {
			isa = XCBuildConfiguration;
			buildSettings = {
				ALWAYS_SEARCH_USER_PATHS = NO;
				CLANG_ANALYZER_NONNULL = YES;
				CLANG_ANALYZER_NUMBER_OBJECT_CONVERSION = YES_AGGRESSIVE;
				CLANG_CXX_LANGUAGE_STANDARD = "gnu++17";
				CLANG_ENABLE_MODULES = YES;
				CLANG_ENABLE_OBJC_ARC = YES;
				CLANG_ENABLE_OBJC_WEAK = YES;
				CLANG_WARN_BLOCK_CAPTURE_AUTORELEASING = YES;
				CLANG_WARN_BOOL_CONVERSION = YES;
				CLANG_WARN_COMMA = YES;
				CLANG_WARN_CONSTANT_CONVERSION = YES;
				CLANG_WARN_DEPRECATED_OBJC_IMPLEMENTATIONS = YES;
				CLANG_WARN_DIRECT_OBJC_ISA_USAGE = YES_ERROR;
				CLANG_WARN_DOCUMENTATION_COMMENTS = YES;
				CLANG_WARN_EMPTY_BODY = YES;
				CLANG_WARN_ENUM_CONVERSION = YES;
				CLANG_WARN_INFINITE_RECURSION = YES;
				CLANG_WARN_INT_CONVERSION = YES;
				CLANG_WARN_NON_LITERAL_NULL_CONVERSION = YES;
				CLANG_WARN_OBJC_IMPLICIT_RETAIN_SELF = YES;
				CLANG_WARN_OBJC_LITERAL_CONVERSION = YES;
				CLANG_WARN_OBJC_ROOT_CLASS = YES_ERROR;
				CLANG_WARN_QUOTED_INCLUDE_IN_FRAMEWORK_HEADER = YES;
				CLANG_WARN_RANGE_LOOP_ANALYSIS = YES;
				CLANG_WARN_STRICT_PROTOTYPES = YES;
				CLANG_WARN_SUSPICIOUS_MOVE = YES;
				CLANG_WARN_UNGUARDED_AVAILABILITY = YES_AGGRESSIVE;
				CLANG_WARN_UNREACHABLE_CODE = YES;
				CLANG_WARN__DUPLICATE_METHOD_MATCH = YES;
				COPY_PHASE_STRIP = NO;
				DEBUG_INFORMATION_FORMAT = "dwarf-with-dsym";
				ENABLE_NS_ASSERTIONS = NO;
				ENABLE_STRICT_OBJC_MSGSEND = YES;
				GCC_C_LANGUAGE_STANDARD = gnu11;
				GCC_NO_COMMON_BLOCKS = YES;
				GCC_WARN_64_TO_32_BIT_CONVERSION = YES;
				GCC_WARN_ABOUT_RETURN_TYPE = YES_ERROR;
				GCC_WARN_UNDECLARED_SELECTOR = YES;
				GCC_WARN_UNINITIALIZED_AUTOS = YES_AGGRESSIVE;
				GCC_WARN_UNUSED_FUNCTION = YES;
				GCC_WARN_UNUSED_VARIABLE = YES;
				IPHONEOS_DEPLOYMENT_TARGET = 15.5;
				MTL_ENABLE_DEBUG_INFO = NO;
				MTL_FAST_MATH = YES;
				SDKROOT = iphoneos;
				SWIFT_COMPILATION_MODE = wholemodule;
				SWIFT_OPTIMIZATION_LEVEL = "-O";
				VALIDATE_PRODUCT = YES;
			};
			name = Release;
		};
		04C1663F28882D1300AE88E4 /* Debug */ = {
			isa = XCBuildConfiguration;
			buildSettings = {
				ASSETCATALOG_COMPILER_APPICON_NAME = AppIcon;
				ASSETCATALOG_COMPILER_GLOBAL_ACCENT_COLOR_NAME = AccentColor;
				CODE_SIGN_STYLE = Automatic;
				CURRENT_PROJECT_VERSION = 1;
				DEVELOPMENT_TEAM = BAT7Y9H9TP;
				GENERATE_INFOPLIST_FILE = YES;
				INFOPLIST_FILE = BookReview/Info.plist;
				INFOPLIST_KEY_UIApplicationSupportsIndirectInputEvents = YES;
				INFOPLIST_KEY_UILaunchStoryboardName = LaunchScreen;
				INFOPLIST_KEY_UISupportedInterfaceOrientations_iPad = "UIInterfaceOrientationPortrait UIInterfaceOrientationPortraitUpsideDown UIInterfaceOrientationLandscapeLeft UIInterfaceOrientationLandscapeRight";
				INFOPLIST_KEY_UISupportedInterfaceOrientations_iPhone = "UIInterfaceOrientationPortrait UIInterfaceOrientationLandscapeLeft UIInterfaceOrientationLandscapeRight";
				LD_RUNPATH_SEARCH_PATHS = (
					"$(inherited)",
					"@executable_path/Frameworks",
				);
				MARKETING_VERSION = 1.0;
				PRODUCT_BUNDLE_IDENTIFIER = kr.ac.kpu.BookReview;
				PRODUCT_NAME = "$(TARGET_NAME)";
				SWIFT_EMIT_LOC_STRINGS = YES;
				SWIFT_VERSION = 5.0;
				TARGETED_DEVICE_FAMILY = "1,2";
			};
			name = Debug;
		};
		04C1664028882D1300AE88E4 /* Release */ = {
			isa = XCBuildConfiguration;
			buildSettings = {
				ASSETCATALOG_COMPILER_APPICON_NAME = AppIcon;
				ASSETCATALOG_COMPILER_GLOBAL_ACCENT_COLOR_NAME = AccentColor;
				CODE_SIGN_STYLE = Automatic;
				CURRENT_PROJECT_VERSION = 1;
				DEVELOPMENT_TEAM = BAT7Y9H9TP;
				GENERATE_INFOPLIST_FILE = YES;
				INFOPLIST_FILE = BookReview/Info.plist;
				INFOPLIST_KEY_UIApplicationSupportsIndirectInputEvents = YES;
				INFOPLIST_KEY_UILaunchStoryboardName = LaunchScreen;
				INFOPLIST_KEY_UISupportedInterfaceOrientations_iPad = "UIInterfaceOrientationPortrait UIInterfaceOrientationPortraitUpsideDown UIInterfaceOrientationLandscapeLeft UIInterfaceOrientationLandscapeRight";
				INFOPLIST_KEY_UISupportedInterfaceOrientations_iPhone = "UIInterfaceOrientationPortrait UIInterfaceOrientationLandscapeLeft UIInterfaceOrientationLandscapeRight";
				LD_RUNPATH_SEARCH_PATHS = (
					"$(inherited)",
					"@executable_path/Frameworks",
				);
				MARKETING_VERSION = 1.0;
				PRODUCT_BUNDLE_IDENTIFIER = kr.ac.kpu.BookReview;
				PRODUCT_NAME = "$(TARGET_NAME)";
				SWIFT_EMIT_LOC_STRINGS = YES;
				SWIFT_VERSION = 5.0;
				TARGETED_DEVICE_FAMILY = "1,2";
			};
			name = Release;
		};
		04C1664228882D1300AE88E4 /* Debug */ = {
			isa = XCBuildConfiguration;
			buildSettings = {
				ALWAYS_EMBED_SWIFT_STANDARD_LIBRARIES = YES;
				BUNDLE_LOADER = "$(TEST_HOST)";
				CODE_SIGN_STYLE = Automatic;
				CURRENT_PROJECT_VERSION = 1;
				DEVELOPMENT_TEAM = BAT7Y9H9TP;
				GENERATE_INFOPLIST_FILE = YES;
				IPHONEOS_DEPLOYMENT_TARGET = 15.5;
				MARKETING_VERSION = 1.0;
				PRODUCT_BUNDLE_IDENTIFIER = kr.ac.kpu.BookReviewTests;
				PRODUCT_NAME = "$(TARGET_NAME)";
				SWIFT_EMIT_LOC_STRINGS = NO;
				SWIFT_VERSION = 5.0;
				TARGETED_DEVICE_FAMILY = "1,2";
				TEST_HOST = "$(BUILT_PRODUCTS_DIR)/BookReview.app/BookReview";
			};
			name = Debug;
		};
		04C1664328882D1300AE88E4 /* Release */ = {
			isa = XCBuildConfiguration;
			buildSettings = {
				ALWAYS_EMBED_SWIFT_STANDARD_LIBRARIES = YES;
				BUNDLE_LOADER = "$(TEST_HOST)";
				CODE_SIGN_STYLE = Automatic;
				CURRENT_PROJECT_VERSION = 1;
				DEVELOPMENT_TEAM = BAT7Y9H9TP;
				GENERATE_INFOPLIST_FILE = YES;
				IPHONEOS_DEPLOYMENT_TARGET = 15.5;
				MARKETING_VERSION = 1.0;
				PRODUCT_BUNDLE_IDENTIFIER = kr.ac.kpu.BookReviewTests;
				PRODUCT_NAME = "$(TARGET_NAME)";
				SWIFT_EMIT_LOC_STRINGS = NO;
				SWIFT_VERSION = 5.0;
				TARGETED_DEVICE_FAMILY = "1,2";
				TEST_HOST = "$(BUILT_PRODUCTS_DIR)/BookReview.app/BookReview";
			};
			name = Release;
		};
		04C1664528882D1300AE88E4 /* Debug */ = {
			isa = XCBuildConfiguration;
			buildSettings = {
				ALWAYS_EMBED_SWIFT_STANDARD_LIBRARIES = YES;
				CODE_SIGN_STYLE = Automatic;
				CURRENT_PROJECT_VERSION = 1;
				DEVELOPMENT_TEAM = BAT7Y9H9TP;
				GENERATE_INFOPLIST_FILE = YES;
				MARKETING_VERSION = 1.0;
				PRODUCT_BUNDLE_IDENTIFIER = kr.ac.kpu.BookReviewUITests;
				PRODUCT_NAME = "$(TARGET_NAME)";
				SWIFT_EMIT_LOC_STRINGS = NO;
				SWIFT_VERSION = 5.0;
				TARGETED_DEVICE_FAMILY = "1,2";
				TEST_TARGET_NAME = BookReview;
			};
			name = Debug;
		};
		04C1664628882D1300AE88E4 /* Release */ = {
			isa = XCBuildConfiguration;
			buildSettings = {
				ALWAYS_EMBED_SWIFT_STANDARD_LIBRARIES = YES;
				CODE_SIGN_STYLE = Automatic;
				CURRENT_PROJECT_VERSION = 1;
				DEVELOPMENT_TEAM = BAT7Y9H9TP;
				GENERATE_INFOPLIST_FILE = YES;
				MARKETING_VERSION = 1.0;
				PRODUCT_BUNDLE_IDENTIFIER = kr.ac.kpu.BookReviewUITests;
				PRODUCT_NAME = "$(TARGET_NAME)";
				SWIFT_EMIT_LOC_STRINGS = NO;
				SWIFT_VERSION = 5.0;
				TARGETED_DEVICE_FAMILY = "1,2";
				TEST_TARGET_NAME = BookReview;
			};
			name = Release;
		};
/* End XCBuildConfiguration section */

/* Begin XCConfigurationList section */
		04C1660F28882D1200AE88E4 /* Build configuration list for PBXProject "BookReview" */ = {
			isa = XCConfigurationList;
			buildConfigurations = (
				04C1663C28882D1300AE88E4 /* Debug */,
				04C1663D28882D1300AE88E4 /* Release */,
			);
			defaultConfigurationIsVisible = 0;
			defaultConfigurationName = Release;
		};
		04C1663E28882D1300AE88E4 /* Build configuration list for PBXNativeTarget "BookReview" */ = {
			isa = XCConfigurationList;
			buildConfigurations = (
				04C1663F28882D1300AE88E4 /* Debug */,
				04C1664028882D1300AE88E4 /* Release */,
			);
			defaultConfigurationIsVisible = 0;
			defaultConfigurationName = Release;
		};
		04C1664128882D1300AE88E4 /* Build configuration list for PBXNativeTarget "BookReviewTests" */ = {
			isa = XCConfigurationList;
			buildConfigurations = (
				04C1664228882D1300AE88E4 /* Debug */,
				04C1664328882D1300AE88E4 /* Release */,
			);
			defaultConfigurationIsVisible = 0;
			defaultConfigurationName = Release;
		};
		04C1664428882D1300AE88E4 /* Build configuration list for PBXNativeTarget "BookReviewUITests" */ = {
			isa = XCConfigurationList;
			buildConfigurations = (
				04C1664528882D1300AE88E4 /* Debug */,
				04C1664628882D1300AE88E4 /* Release */,
			);
			defaultConfigurationIsVisible = 0;
			defaultConfigurationName = Release;
		};
/* End XCConfigurationList section */

/* Begin XCRemoteSwiftPackageReference section */
		04C1664728882DC000AE88E4 /* XCRemoteSwiftPackageReference "Alamofire" */ = {
			isa = XCRemoteSwiftPackageReference;
			repositoryURL = "https://github.com/Alamofire/Alamofire.git";
			requirement = {
				branch = master;
				kind = branch;
			};
		};
		04C1664A28882DD200AE88E4 /* XCRemoteSwiftPackageReference "SnapKit" */ = {
			isa = XCRemoteSwiftPackageReference;
			repositoryURL = "https://github.com/SnapKit/SnapKit.git";
			requirement = {
				branch = develop;
				kind = branch;
			};
		};
		04C1664D28882DE900AE88E4 /* XCRemoteSwiftPackageReference "Kingfisher" */ = {
			isa = XCRemoteSwiftPackageReference;
			repositoryURL = "https://github.com/onevcat/Kingfisher.git";
			requirement = {
				branch = master;
				kind = branch;
			};
		};
/* End XCRemoteSwiftPackageReference section */

/* Begin XCSwiftPackageProductDependency section */
		04C1664828882DC000AE88E4 /* Alamofire */ = {
			isa = XCSwiftPackageProductDependency;
			package = 04C1664728882DC000AE88E4 /* XCRemoteSwiftPackageReference "Alamofire" */;
			productName = Alamofire;
		};
		04C1664B28882DD200AE88E4 /* SnapKit */ = {
			isa = XCSwiftPackageProductDependency;
			package = 04C1664A28882DD200AE88E4 /* XCRemoteSwiftPackageReference "SnapKit" */;
			productName = SnapKit;
		};
		04C1664E28882DE900AE88E4 /* Kingfisher */ = {
			isa = XCSwiftPackageProductDependency;
			package = 04C1664D28882DE900AE88E4 /* XCRemoteSwiftPackageReference "Kingfisher" */;
			productName = Kingfisher;
		};
/* End XCSwiftPackageProductDependency section */
	};
	rootObject = 04C1660C28882D1200AE88E4 /* Project object */;
}
